// !$*UTF8*$!
{
	archiveVersion = 1;
	classes = {
	};
	objectVersion = 56;
	objects = {

/* Begin PBXBuildFile section */
		7A74B5C82B1604F700E9724F /* AppDelegate.swift in Sources */ = {isa = PBXBuildFile; fileRef = 7A74B5C72B1604F700E9724F /* AppDelegate.swift */; };
		7A74B5CA2B1604F700E9724F /* SceneDelegate.swift in Sources */ = {isa = PBXBuildFile; fileRef = 7A74B5C92B1604F700E9724F /* SceneDelegate.swift */; };
		7A74B5CC2B1604F700E9724F /* ViewController.swift in Sources */ = {isa = PBXBuildFile; fileRef = 7A74B5CB2B1604F700E9724F /* ViewController.swift */; };
		7A74B5CF2B1604F700E9724F /* Main.storyboard in Resources */ = {isa = PBXBuildFile; fileRef = 7A74B5CD2B1604F700E9724F /* Main.storyboard */; };
		7A74B5D12B1604F900E9724F /* Assets.xcassets in Resources */ = {isa = PBXBuildFile; fileRef = 7A74B5D02B1604F900E9724F /* Assets.xcassets */; };
		7A74B5D42B1604F900E9724F /* LaunchScreen.storyboard in Resources */ = {isa = PBXBuildFile; fileRef = 7A74B5D22B1604F900E9724F /* LaunchScreen.storyboard */; };
		7A74B5DF2B1604F900E9724F /* openapiTests.swift in Sources */ = {isa = PBXBuildFile; fileRef = 7A74B5DE2B1604F900E9724F /* openapiTests.swift */; };
		7A74B5E92B1604F900E9724F /* openapiUITests.swift in Sources */ = {isa = PBXBuildFile; fileRef = 7A74B5E82B1604F900E9724F /* openapiUITests.swift */; };
		7A74B5EB2B1604F900E9724F /* openapiUITestsLaunchTests.swift in Sources */ = {isa = PBXBuildFile; fileRef = 7A74B5EA2B1604F900E9724F /* openapiUITestsLaunchTests.swift */; };
		7A74B5F82B1605DD00E9724F /* Property List.plist in Resources */ = {isa = PBXBuildFile; fileRef = 7A74B5F72B1605DD00E9724F /* Property List.plist */; };
		7A74B5FA2B16063E00E9724F /* Weather.swift in Sources */ = {isa = PBXBuildFile; fileRef = 7A74B5F92B16063E00E9724F /* Weather.swift */; };
		7A74B5FC2B16065400E9724F /* WeatherService.swift in Sources */ = {isa = PBXBuildFile; fileRef = 7A74B5FB2B16065400E9724F /* WeatherService.swift */; };
/* End PBXBuildFile section */

/* Begin PBXContainerItemProxy section */
		7A74B5DB2B1604F900E9724F /* PBXContainerItemProxy */ = {
			isa = PBXContainerItemProxy;
			containerPortal = 7A74B5BC2B1604F700E9724F /* Project object */;
			proxyType = 1;
			remoteGlobalIDString = 7A74B5C32B1604F700E9724F;
			remoteInfo = openapi;
		};
		7A74B5E52B1604F900E9724F /* PBXContainerItemProxy */ = {
			isa = PBXContainerItemProxy;
			containerPortal = 7A74B5BC2B1604F700E9724F /* Project object */;
			proxyType = 1;
			remoteGlobalIDString = 7A74B5C32B1604F700E9724F;
			remoteInfo = openapi;
		};
/* End PBXContainerItemProxy section */

/* Begin PBXFileReference section */
		7A74B5C42B1604F700E9724F /* openapi.app */ = {isa = PBXFileReference; explicitFileType = wrapper.application; includeInIndex = 0; path = openapi.app; sourceTree = BUILT_PRODUCTS_DIR; };
		7A74B5C72B1604F700E9724F /* AppDelegate.swift */ = {isa = PBXFileReference; lastKnownFileType = sourcecode.swift; path = AppDelegate.swift; sourceTree = "<group>"; };
		7A74B5C92B1604F700E9724F /* SceneDelegate.swift */ = {isa = PBXFileReference; lastKnownFileType = sourcecode.swift; path = SceneDelegate.swift; sourceTree = "<group>"; };
		7A74B5CB2B1604F700E9724F /* ViewController.swift */ = {isa = PBXFileReference; lastKnownFileType = sourcecode.swift; path = ViewController.swift; sourceTree = "<group>"; };
		7A74B5CE2B1604F700E9724F /* Base */ = {isa = PBXFileReference; lastKnownFileType = file.storyboard; name = Base; path = Base.lproj/Main.storyboard; sourceTree = "<group>"; };
		7A74B5D02B1604F900E9724F /* Assets.xcassets */ = {isa = PBXFileReference; lastKnownFileType = folder.assetcatalog; path = Assets.xcassets; sourceTree = "<group>"; };
		7A74B5D32B1604F900E9724F /* Base */ = {isa = PBXFileReference; lastKnownFileType = file.storyboard; name = Base; path = Base.lproj/LaunchScreen.storyboard; sourceTree = "<group>"; };
		7A74B5D52B1604F900E9724F /* Info.plist */ = {isa = PBXFileReference; lastKnownFileType = text.plist.xml; path = Info.plist; sourceTree = "<group>"; };
		7A74B5DA2B1604F900E9724F /* openapiTests.xctest */ = {isa = PBXFileReference; explicitFileType = wrapper.cfbundle; includeInIndex = 0; path = openapiTests.xctest; sourceTree = BUILT_PRODUCTS_DIR; };
		7A74B5DE2B1604F900E9724F /* openapiTests.swift */ = {isa = PBXFileReference; lastKnownFileType = sourcecode.swift; path = openapiTests.swift; sourceTree = "<group>"; };
		7A74B5E42B1604F900E9724F /* openapiUITests.xctest */ = {isa = PBXFileReference; explicitFileType = wrapper.cfbundle; includeInIndex = 0; path = openapiUITests.xctest; sourceTree = BUILT_PRODUCTS_DIR; };
		7A74B5E82B1604F900E9724F /* openapiUITests.swift */ = {isa = PBXFileReference; lastKnownFileType = sourcecode.swift; path = openapiUITests.swift; sourceTree = "<group>"; };
		7A74B5EA2B1604F900E9724F /* openapiUITestsLaunchTests.swift */ = {isa = PBXFileReference; lastKnownFileType = sourcecode.swift; path = openapiUITestsLaunchTests.swift; sourceTree = "<group>"; };
		7A74B5F72B1605DD00E9724F /* Property List.plist */ = {isa = PBXFileReference; lastKnownFileType = text.plist.xml; path = "Property List.plist"; sourceTree = "<group>"; };
		7A74B5F92B16063E00E9724F /* Weather.swift */ = {isa = PBXFileReference; lastKnownFileType = sourcecode.swift; path = Weather.swift; sourceTree = "<group>"; };
		7A74B5FB2B16065400E9724F /* WeatherService.swift */ = {isa = PBXFileReference; lastKnownFileType = sourcecode.swift; path = WeatherService.swift; sourceTree = "<group>"; };
/* End PBXFileReference section */

/* Begin PBXFrameworksBuildPhase section */
		7A74B5C12B1604F700E9724F /* Frameworks */ = {
			isa = PBXFrameworksBuildPhase;
			buildActionMask = 2147483647;
			files = (
			);
			runOnlyForDeploymentPostprocessing = 0;
		};
		7A74B5D72B1604F900E9724F /* Frameworks */ = {
			isa = PBXFrameworksBuildPhase;
			buildActionMask = 2147483647;
			files = (
			);
			runOnlyForDeploymentPostprocessing = 0;
		};
		7A74B5E12B1604F900E9724F /* Frameworks */ = {
			isa = PBXFrameworksBuildPhase;
			buildActionMask = 2147483647;
			files = (
			);
			runOnlyForDeploymentPostprocessing = 0;
		};
/* End PBXFrameworksBuildPhase section */

/* Begin PBXGroup section */
		7A74B5BB2B1604F700E9724F = {
			isa = PBXGroup;
			children = (
				7A74B5C62B1604F700E9724F /* openapi */,
				7A74B5DD2B1604F900E9724F /* openapiTests */,
				7A74B5E72B1604F900E9724F /* openapiUITests */,
				7A74B5C52B1604F700E9724F /* Products */,
			);
			sourceTree = "<group>";
		};
		7A74B5C52B1604F700E9724F /* Products */ = {
			isa = PBXGroup;
			children = (
				7A74B5C42B1604F700E9724F /* openapi.app */,
				7A74B5DA2B1604F900E9724F /* openapiTests.xctest */,
				7A74B5E42B1604F900E9724F /* openapiUITests.xctest */,
			);
			name = Products;
			sourceTree = "<group>";
		};
		7A74B5C62B1604F700E9724F /* openapi */ = {
			isa = PBXGroup;
			children = (
				7A74B5C72B1604F700E9724F /* AppDelegate.swift */,
				7A74B5C92B1604F700E9724F /* SceneDelegate.swift */,
				7A74B5CB2B1604F700E9724F /* ViewController.swift */,
				7A74B5CD2B1604F700E9724F /* Main.storyboard */,
				7A74B5D02B1604F900E9724F /* Assets.xcassets */,
				7A74B5D22B1604F900E9724F /* LaunchScreen.storyboard */,
				7A74B5D52B1604F900E9724F /* Info.plist */,
				7A74B5F72B1605DD00E9724F /* Property List.plist */,
				7A74B5F92B16063E00E9724F /* Weather.swift */,
				7A74B5FB2B16065400E9724F /* WeatherService.swift */,
			);
			path = openapi;
			sourceTree = "<group>";
		};
		7A74B5DD2B1604F900E9724F /* openapiTests */ = {
			isa = PBXGroup;
			children = (
				7A74B5DE2B1604F900E9724F /* openapiTests.swift */,
			);
			path = openapiTests;
			sourceTree = "<group>";
		};
		7A74B5E72B1604F900E9724F /* openapiUITests */ = {
			isa = PBXGroup;
			children = (
				7A74B5E82B1604F900E9724F /* openapiUITests.swift */,
				7A74B5EA2B1604F900E9724F /* openapiUITestsLaunchTests.swift */,
			);
			path = openapiUITests;
			sourceTree = "<group>";
		};
/* End PBXGroup section */

/* Begin PBXNativeTarget section */
		7A74B5C32B1604F700E9724F /* openapi */ = {
			isa = PBXNativeTarget;
			buildConfigurationList = 7A74B5EE2B1604F900E9724F /* Build configuration list for PBXNativeTarget "openapi" */;
			buildPhases = (
				7A74B5C02B1604F700E9724F /* Sources */,
				7A74B5C12B1604F700E9724F /* Frameworks */,
				7A74B5C22B1604F700E9724F /* Resources */,
			);
			buildRules = (
			);
			dependencies = (
			);
			name = openapi;
			productName = openapi;
			productReference = 7A74B5C42B1604F700E9724F /* openapi.app */;
			productType = "com.apple.product-type.application";
		};
		7A74B5D92B1604F900E9724F /* openapiTests */ = {
			isa = PBXNativeTarget;
			buildConfigurationList = 7A74B5F12B1604F900E9724F /* Build configuration list for PBXNativeTarget "openapiTests" */;
			buildPhases = (
				7A74B5D62B1604F900E9724F /* Sources */,
				7A74B5D72B1604F900E9724F /* Frameworks */,
				7A74B5D82B1604F900E9724F /* Resources */,
			);
			buildRules = (
			);
			dependencies = (
				7A74B5DC2B1604F900E9724F /* PBXTargetDependency */,
			);
			name = openapiTests;
			productName = openapiTests;
			productReference = 7A74B5DA2B1604F900E9724F /* openapiTests.xctest */;
			productType = "com.apple.product-type.bundle.unit-test";
		};
		7A74B5E32B1604F900E9724F /* openapiUITests */ = {
			isa = PBXNativeTarget;
			buildConfigurationList = 7A74B5F42B1604F900E9724F /* Build configuration list for PBXNativeTarget "openapiUITests" */;
			buildPhases = (
				7A74B5E02B1604F900E9724F /* Sources */,
				7A74B5E12B1604F900E9724F /* Frameworks */,
				7A74B5E22B1604F900E9724F /* Resources */,
			);
			buildRules = (
			);
			dependencies = (
				7A74B5E62B1604F900E9724F /* PBXTargetDependency */,
			);
			name = openapiUITests;
			productName = openapiUITests;
			productReference = 7A74B5E42B1604F900E9724F /* openapiUITests.xctest */;
			productType = "com.apple.product-type.bundle.ui-testing";
		};
/* End PBXNativeTarget section */

/* Begin PBXProject section */
		7A74B5BC2B1604F700E9724F /* Project object */ = {
			isa = PBXProject;
			attributes = {
				BuildIndependentTargetsInParallel = 1;
				LastSwiftUpdateCheck = 1500;
				LastUpgradeCheck = 1500;
				TargetAttributes = {
					7A74B5C32B1604F700E9724F = {
						CreatedOnToolsVersion = 15.0;
					};
					7A74B5D92B1604F900E9724F = {
						CreatedOnToolsVersion = 15.0;
						TestTargetID = 7A74B5C32B1604F700E9724F;
					};
					7A74B5E32B1604F900E9724F = {
						CreatedOnToolsVersion = 15.0;
						TestTargetID = 7A74B5C32B1604F700E9724F;
					};
				};
			};
			buildConfigurationList = 7A74B5BF2B1604F700E9724F /* Build configuration list for PBXProject "openapi" */;
			compatibilityVersion = "Xcode 14.0";
			developmentRegion = en;
			hasScannedForEncodings = 0;
			knownRegions = (
				en,
				Base,
			);
			mainGroup = 7A74B5BB2B1604F700E9724F;
			productRefGroup = 7A74B5C52B1604F700E9724F /* Products */;
			projectDirPath = "";
			projectRoot = "";
			targets = (
				7A74B5C32B1604F700E9724F /* openapi */,
				7A74B5D92B1604F900E9724F /* openapiTests */,
				7A74B5E32B1604F900E9724F /* openapiUITests */,
			);
		};
/* End PBXProject section */

/* Begin PBXResourcesBuildPhase section */
		7A74B5C22B1604F700E9724F /* Resources */ = {
			isa = PBXResourcesBuildPhase;
			buildActionMask = 2147483647;
			files = (
				7A74B5D42B1604F900E9724F /* LaunchScreen.storyboard in Resources */,
				7A74B5D12B1604F900E9724F /* Assets.xcassets in Resources */,
				7A74B5F82B1605DD00E9724F /* Property List.plist in Resources */,
				7A74B5CF2B1604F700E9724F /* Main.storyboard in Resources */,
			);
			runOnlyForDeploymentPostprocessing = 0;
		};
		7A74B5D82B1604F900E9724F /* Resources */ = {
			isa = PBXResourcesBuildPhase;
			buildActionMask = 2147483647;
			files = (
			);
			runOnlyForDeploymentPostprocessing = 0;
		};
		7A74B5E22B1604F900E9724F /* Resources */ = {
			isa = PBXResourcesBuildPhase;
			buildActionMask = 2147483647;
			files = (
			);
			runOnlyForDeploymentPostprocessing = 0;
		};
/* End PBXResourcesBuildPhase section */

/* Begin PBXSourcesBuildPhase section */
		7A74B5C02B1604F700E9724F /* Sources */ = {
			isa = PBXSourcesBuildPhase;
			buildActionMask = 2147483647;
			files = (
				7A74B5FC2B16065400E9724F /* WeatherService.swift in Sources */,
				7A74B5FA2B16063E00E9724F /* Weather.swift in Sources */,
				7A74B5CC2B1604F700E9724F /* ViewController.swift in Sources */,
				7A74B5C82B1604F700E9724F /* AppDelegate.swift in Sources */,
				7A74B5CA2B1604F700E9724F /* SceneDelegate.swift in Sources */,
			);
			runOnlyForDeploymentPostprocessing = 0;
		};
		7A74B5D62B1604F900E9724F /* Sources */ = {
			isa = PBXSourcesBuildPhase;
			buildActionMask = 2147483647;
			files = (
				7A74B5DF2B1604F900E9724F /* openapiTests.swift in Sources */,
			);
			runOnlyForDeploymentPostprocessing = 0;
		};
		7A74B5E02B1604F900E9724F /* Sources */ = {
			isa = PBXSourcesBuildPhase;
			buildActionMask = 2147483647;
			files = (
				7A74B5E92B1604F900E9724F /* openapiUITests.swift in Sources */,
				7A74B5EB2B1604F900E9724F /* openapiUITestsLaunchTests.swift in Sources */,
			);
			runOnlyForDeploymentPostprocessing = 0;
		};
/* End PBXSourcesBuildPhase section */

/* Begin PBXTargetDependency section */
		7A74B5DC2B1604F900E9724F /* PBXTargetDependency */ = {
			isa = PBXTargetDependency;
			target = 7A74B5C32B1604F700E9724F /* openapi */;
			targetProxy = 7A74B5DB2B1604F900E9724F /* PBXContainerItemProxy */;
		};
		7A74B5E62B1604F900E9724F /* PBXTargetDependency */ = {
			isa = PBXTargetDependency;
			target = 7A74B5C32B1604F700E9724F /* openapi */;
			targetProxy = 7A74B5E52B1604F900E9724F /* PBXContainerItemProxy */;
		};
/* End PBXTargetDependency section */

/* Begin PBXVariantGroup section */
		7A74B5CD2B1604F700E9724F /* Main.storyboard */ = {
			isa = PBXVariantGroup;
			children = (
				7A74B5CE2B1604F700E9724F /* Base */,
			);
			name = Main.storyboard;
			sourceTree = "<group>";
		};
		7A74B5D22B1604F900E9724F /* LaunchScreen.storyboard */ = {
			isa = PBXVariantGroup;
			children = (
				7A74B5D32B1604F900E9724F /* Base */,
			);
			name = LaunchScreen.storyboard;
			sourceTree = "<group>";
		};
/* End PBXVariantGroup section */

/* Begin XCBuildConfiguration section */
		7A74B5EC2B1604F900E9724F /* Debug */ = {
			isa = XCBuildConfiguration;
			buildSettings = {
				ALWAYS_SEARCH_USER_PATHS = NO;
				ASSETCATALOG_COMPILER_GENERATE_SWIFT_ASSET_SYMBOL_EXTENSIONS = YES;
				CLANG_ANALYZER_NONNULL = YES;
				CLANG_ANALYZER_NUMBER_OBJECT_CONVERSION = YES_AGGRESSIVE;
				CLANG_CXX_LANGUAGE_STANDARD = "gnu++20";
				CLANG_ENABLE_MODULES = YES;
				CLANG_ENABLE_OBJC_ARC = YES;
				CLANG_ENABLE_OBJC_WEAK = YES;
				CLANG_WARN_BLOCK_CAPTURE_AUTORELEASING = YES;
				CLANG_WARN_BOOL_CONVERSION = YES;
				CLANG_WARN_COMMA = YES;
				CLANG_WARN_CONSTANT_CONVERSION = YES;
				CLANG_WARN_DEPRECATED_OBJC_IMPLEMENTATIONS = YES;
				CLANG_WARN_DIRECT_OBJC_ISA_USAGE = YES_ERROR;
				CLANG_WARN_DOCUMENTATION_COMMENTS = YES;
				CLANG_WARN_EMPTY_BODY = YES;
				CLANG_WARN_ENUM_CONVERSION = YES;
				CLANG_WARN_INFINITE_RECURSION = YES;
				CLANG_WARN_INT_CONVERSION = YES;
				CLANG_WARN_NON_LITERAL_NULL_CONVERSION = YES;
				CLANG_WARN_OBJC_IMPLICIT_RETAIN_SELF = YES;
				CLANG_WARN_OBJC_LITERAL_CONVERSION = YES;
				CLANG_WARN_OBJC_ROOT_CLASS = YES_ERROR;
				CLANG_WARN_QUOTED_INCLUDE_IN_FRAMEWORK_HEADER = YES;
				CLANG_WARN_RANGE_LOOP_ANALYSIS = YES;
				CLANG_WARN_STRICT_PROTOTYPES = YES;
				CLANG_WARN_SUSPICIOUS_MOVE = YES;
				CLANG_WARN_UNGUARDED_AVAILABILITY = YES_AGGRESSIVE;
				CLANG_WARN_UNREACHABLE_CODE = YES;
				CLANG_WARN__DUPLICATE_METHOD_MATCH = YES;
				COPY_PHASE_STRIP = NO;
				DEBUG_INFORMATION_FORMAT = dwarf;
				ENABLE_STRICT_OBJC_MSGSEND = YES;
				ENABLE_TESTABILITY = YES;
				ENABLE_USER_SCRIPT_SANDBOXING = YES;
				GCC_C_LANGUAGE_STANDARD = gnu17;
				GCC_DYNAMIC_NO_PIC = NO;
				GCC_NO_COMMON_BLOCKS = YES;
				GCC_OPTIMIZATION_LEVEL = 0;
				GCC_PREPROCESSOR_DEFINITIONS = (
					"DEBUG=1",
					"$(inherited)",
				);
				GCC_WARN_64_TO_32_BIT_CONVERSION = YES;
				GCC_WARN_ABOUT_RETURN_TYPE = YES_ERROR;
				GCC_WARN_UNDECLARED_SELECTOR = YES;
				GCC_WARN_UNINITIALIZED_AUTOS = YES_AGGRESSIVE;
				GCC_WARN_UNUSED_FUNCTION = YES;
				GCC_WARN_UNUSED_VARIABLE = YES;
				IPHONEOS_DEPLOYMENT_TARGET = 17.0;
				LOCALIZATION_PREFERS_STRING_CATALOGS = YES;
				MTL_ENABLE_DEBUG_INFO = INCLUDE_SOURCE;
				MTL_FAST_MATH = YES;
				ONLY_ACTIVE_ARCH = YES;
				SDKROOT = iphoneos;
				SWIFT_ACTIVE_COMPILATION_CONDITIONS = "DEBUG $(inherited)";
				SWIFT_OPTIMIZATION_LEVEL = "-Onone";
			};
			name = Debug;
		};
		7A74B5ED2B1604F900E9724F /* Release */ = {
			isa = XCBuildConfiguration;
			buildSettings = {
				ALWAYS_SEARCH_USER_PATHS = NO;
				ASSETCATALOG_COMPILER_GENERATE_SWIFT_ASSET_SYMBOL_EXTENSIONS = YES;
				CLANG_ANALYZER_NONNULL = YES;
				CLANG_ANALYZER_NUMBER_OBJECT_CONVERSION = YES_AGGRESSIVE;
				CLANG_CXX_LANGUAGE_STANDARD = "gnu++20";
				CLANG_ENABLE_MODULES = YES;
				CLANG_ENABLE_OBJC_ARC = YES;
				CLANG_ENABLE_OBJC_WEAK = YES;
				CLANG_WARN_BLOCK_CAPTURE_AUTORELEASING = YES;
				CLANG_WARN_BOOL_CONVERSION = YES;
				CLANG_WARN_COMMA = YES;
				CLANG_WARN_CONSTANT_CONVERSION = YES;
				CLANG_WARN_DEPRECATED_OBJC_IMPLEMENTATIONS = YES;
				CLANG_WARN_DIRECT_OBJC_ISA_USAGE = YES_ERROR;
				CLANG_WARN_DOCUMENTATION_COMMENTS = YES;
				CLANG_WARN_EMPTY_BODY = YES;
				CLANG_WARN_ENUM_CONVERSION = YES;
				CLANG_WARN_INFINITE_RECURSION = YES;
				CLANG_WARN_INT_CONVERSION = YES;
				CLANG_WARN_NON_LITERAL_NULL_CONVERSION = YES;
				CLANG_WARN_OBJC_IMPLICIT_RETAIN_SELF = YES;
				CLANG_WARN_OBJC_LITERAL_CONVERSION = YES;
				CLANG_WARN_OBJC_ROOT_CLASS = YES_ERROR;
				CLANG_WARN_QUOTED_INCLUDE_IN_FRAMEWORK_HEADER = YES;
				CLANG_WARN_RANGE_LOOP_ANALYSIS = YES;
				CLANG_WARN_STRICT_PROTOTYPES = YES;
				CLANG_WARN_SUSPICIOUS_MOVE = YES;
				CLANG_WARN_UNGUARDED_AVAILABILITY = YES_AGGRESSIVE;
				CLANG_WARN_UNREACHABLE_CODE = YES;
				CLANG_WARN__DUPLICATE_METHOD_MATCH = YES;
				COPY_PHASE_STRIP = NO;
				DEBUG_INFORMATION_FORMAT = "dwarf-with-dsym";
				ENABLE_NS_ASSERTIONS = NO;
				ENABLE_STRICT_OBJC_MSGSEND = YES;
				ENABLE_USER_SCRIPT_SANDBOXING = YES;
				GCC_C_LANGUAGE_STANDARD = gnu17;
				GCC_NO_COMMON_BLOCKS = YES;
				GCC_WARN_64_TO_32_BIT_CONVERSION = YES;
				GCC_WARN_ABOUT_RETURN_TYPE = YES_ERROR;
				GCC_WARN_UNDECLARED_SELECTOR = YES;
				GCC_WARN_UNINITIALIZED_AUTOS = YES_AGGRESSIVE;
				GCC_WARN_UNUSED_FUNCTION = YES;
				GCC_WARN_UNUSED_VARIABLE = YES;
				IPHONEOS_DEPLOYMENT_TARGET = 17.0;
				LOCALIZATION_PREFERS_STRING_CATALOGS = YES;
				MTL_ENABLE_DEBUG_INFO = NO;
				MTL_FAST_MATH = YES;
				SDKROOT = iphoneos;
				SWIFT_COMPILATION_MODE = wholemodule;
				VALIDATE_PRODUCT = YES;
			};
			name = Release;
		};
		7A74B5EF2B1604F900E9724F /* Debug */ = {
			isa = XCBuildConfiguration;
			buildSettings = {
				ASSETCATALOG_COMPILER_APPICON_NAME = AppIcon;
				ASSETCATALOG_COMPILER_GLOBAL_ACCENT_COLOR_NAME = AccentColor;
				CODE_SIGN_STYLE = Automatic;
				CURRENT_PROJECT_VERSION = 1;
				DEVELOPMENT_TEAM = W56WUYSPVH;
				GENERATE_INFOPLIST_FILE = YES;
				INFOPLIST_FILE = openapi/Info.plist;
				INFOPLIST_KEY_UIApplicationSupportsIndirectInputEvents = YES;
				INFOPLIST_KEY_UILaunchStoryboardName = LaunchScreen;
				INFOPLIST_KEY_UIMainStoryboardFile = Main;
				INFOPLIST_KEY_UISupportedInterfaceOrientations_iPad = "UIInterfaceOrientationPortrait UIInterfaceOrientationPortraitUpsideDown UIInterfaceOrientationLandscapeLeft UIInterfaceOrientationLandscapeRight";
				INFOPLIST_KEY_UISupportedInterfaceOrientations_iPhone = "UIInterfaceOrientationPortrait UIInterfaceOrientationLandscapeLeft UIInterfaceOrientationLandscapeRight";
				LD_RUNPATH_SEARCH_PATHS = (
					"$(inherited)",
					"@executable_path/Frameworks",
				);
				MARKETING_VERSION = 1.0;
				PRODUCT_BUNDLE_IDENTIFIER = com.hyunnnchoi.openapi;
				PRODUCT_NAME = "$(TARGET_NAME)";
				SWIFT_EMIT_LOC_STRINGS = YES;
				SWIFT_VERSION = 5.0;
				TARGETED_DEVICE_FAMILY = "1,2";
			};
			name = Debug;
		};
		7A74B5F02B1604F900E9724F /* Release */ = {
			isa = XCBuildConfiguration;
			buildSettings = {
				ASSETCATALOG_COMPILER_APPICON_NAME = AppIcon;
				ASSETCATALOG_COMPILER_GLOBAL_ACCENT_COLOR_NAME = AccentColor;
				CODE_SIGN_STYLE = Automatic;
				CURRENT_PROJECT_VERSION = 1;
				DEVELOPMENT_TEAM = W56WUYSPVH;
				GENERATE_INFOPLIST_FILE = YES;
				INFOPLIST_FILE = openapi/Info.plist;
				INFOPLIST_KEY_UIApplicationSupportsIndirectInputEvents = YES;
				INFOPLIST_KEY_UILaunchStoryboardName = LaunchScreen;
				INFOPLIST_KEY_UIMainStoryboardFile = Main;
				INFOPLIST_KEY_UISupportedInterfaceOrientations_iPad = "UIInterfaceOrientationPortrait UIInterfaceOrientationPortraitUpsideDown UIInterfaceOrientationLandscapeLeft UIInterfaceOrientationLandscapeRight";
				INFOPLIST_KEY_UISupportedInterfaceOrientations_iPhone = "UIInterfaceOrientationPortrait UIInterfaceOrientationLandscapeLeft UIInterfaceOrientationLandscapeRight";
				LD_RUNPATH_SEARCH_PATHS = (
					"$(inherited)",
					"@executable_path/Frameworks",
				);
				MARKETING_VERSION = 1.0;
				PRODUCT_BUNDLE_IDENTIFIER = com.hyunnnchoi.openapi;
				PRODUCT_NAME = "$(TARGET_NAME)";
				SWIFT_EMIT_LOC_STRINGS = YES;
				SWIFT_VERSION = 5.0;
				TARGETED_DEVICE_FAMILY = "1,2";
			};
			name = Release;
		};
		7A74B5F22B1604F900E9724F /* Debug */ = {
			isa = XCBuildConfiguration;
			buildSettings = {
				ALWAYS_EMBED_SWIFT_STANDARD_LIBRARIES = YES;
				BUNDLE_LOADER = "$(TEST_HOST)";
				CODE_SIGN_STYLE = Automatic;
				CURRENT_PROJECT_VERSION = 1;
				DEVELOPMENT_TEAM = W56WUYSPVH;
				GENERATE_INFOPLIST_FILE = YES;
				IPHONEOS_DEPLOYMENT_TARGET = 17.0;
				MARKETING_VERSION = 1.0;
				PRODUCT_BUNDLE_IDENTIFIER = com.hyunnnchoi.openapiTests;
				PRODUCT_NAME = "$(TARGET_NAME)";
				SWIFT_EMIT_LOC_STRINGS = NO;
				SWIFT_VERSION = 5.0;
				TARGETED_DEVICE_FAMILY = "1,2";
				TEST_HOST = "$(BUILT_PRODUCTS_DIR)/openapi.app/$(BUNDLE_EXECUTABLE_FOLDER_PATH)/openapi";
			};
			name = Debug;
		};
		7A74B5F32B1604F900E9724F /* Release */ = {
			isa = XCBuildConfiguration;
			buildSettings = {
				ALWAYS_EMBED_SWIFT_STANDARD_LIBRARIES = YES;
				BUNDLE_LOADER = "$(TEST_HOST)";
				CODE_SIGN_STYLE = Automatic;
				CURRENT_PROJECT_VERSION = 1;
				DEVELOPMENT_TEAM = W56WUYSPVH;
				GENERATE_INFOPLIST_FILE = YES;
				IPHONEOS_DEPLOYMENT_TARGET = 17.0;
				MARKETING_VERSION = 1.0;
				PRODUCT_BUNDLE_IDENTIFIER = com.hyunnnchoi.openapiTests;
				PRODUCT_NAME = "$(TARGET_NAME)";
				SWIFT_EMIT_LOC_STRINGS = NO;
				SWIFT_VERSION = 5.0;
				TARGETED_DEVICE_FAMILY = "1,2";
				TEST_HOST = "$(BUILT_PRODUCTS_DIR)/openapi.app/$(BUNDLE_EXECUTABLE_FOLDER_PATH)/openapi";
			};
			name = Release;
		};
		7A74B5F52B1604F900E9724F /* Debug */ = {
			isa = XCBuildConfiguration;
			buildSettings = {
				ALWAYS_EMBED_SWIFT_STANDARD_LIBRARIES = YES;
				CODE_SIGN_STYLE = Automatic;
				CURRENT_PROJECT_VERSION = 1;
				DEVELOPMENT_TEAM = W56WUYSPVH;
				GENERATE_INFOPLIST_FILE = YES;
				MARKETING_VERSION = 1.0;
				PRODUCT_BUNDLE_IDENTIFIER = com.hyunnnchoi.openapiUITests;
				PRODUCT_NAME = "$(TARGET_NAME)";
				SWIFT_EMIT_LOC_STRINGS = NO;
				SWIFT_VERSION = 5.0;
				TARGETED_DEVICE_FAMILY = "1,2";
				TEST_TARGET_NAME = openapi;
			};
			name = Debug;
		};
		7A74B5F62B1604F900E9724F /* Release */ = {
			isa = XCBuildConfiguration;
			buildSettings = {
				ALWAYS_EMBED_SWIFT_STANDARD_LIBRARIES = YES;
				CODE_SIGN_STYLE = Automatic;
				CURRENT_PROJECT_VERSION = 1;
				DEVELOPMENT_TEAM = W56WUYSPVH;
				GENERATE_INFOPLIST_FILE = YES;
				MARKETING_VERSION = 1.0;
				PRODUCT_BUNDLE_IDENTIFIER = com.hyunnnchoi.openapiUITests;
				PRODUCT_NAME = "$(TARGET_NAME)";
				SWIFT_EMIT_LOC_STRINGS = NO;
				SWIFT_VERSION = 5.0;
				TARGETED_DEVICE_FAMILY = "1,2";
				TEST_TARGET_NAME = openapi;
			};
			name = Release;
		};
/* End XCBuildConfiguration section */

/* Begin XCConfigurationList section */
		7A74B5BF2B1604F700E9724F /* Build configuration list for PBXProject "openapi" */ = {
			isa = XCConfigurationList;
			buildConfigurations = (
				7A74B5EC2B1604F900E9724F /* Debug */,
				7A74B5ED2B1604F900E9724F /* Release */,
			);
			defaultConfigurationIsVisible = 0;
			defaultConfigurationName = Release;
		};
		7A74B5EE2B1604F900E9724F /* Build configuration list for PBXNativeTarget "openapi" */ = {
			isa = XCConfigurationList;
			buildConfigurations = (
				7A74B5EF2B1604F900E9724F /* Debug */,
				7A74B5F02B1604F900E9724F /* Release */,
			);
			defaultConfigurationIsVisible = 0;
			defaultConfigurationName = Release;
		};
		7A74B5F12B1604F900E9724F /* Build configuration list for PBXNativeTarget "openapiTests" */ = {
			isa = XCConfigurationList;
			buildConfigurations = (
				7A74B5F22B1604F900E9724F /* Debug */,
				7A74B5F32B1604F900E9724F /* Release */,
			);
			defaultConfigurationIsVisible = 0;
			defaultConfigurationName = Release;
		};
		7A74B5F42B1604F900E9724F /* Build configuration list for PBXNativeTarget "openapiUITests" */ = {
			isa = XCConfigurationList;
			buildConfigurations = (
				7A74B5F52B1604F900E9724F /* Debug */,
				7A74B5F62B1604F900E9724F /* Release */,
			);
			defaultConfigurationIsVisible = 0;
			defaultConfigurationName = Release;
		};
/* End XCConfigurationList section */
	};
	rootObject = 7A74B5BC2B1604F700E9724F /* Project object */;
}
